
Microsoft Visual Studio Solution File, Format Version 12.00
# Visual Studio Version 17
VisualStudioVersion = 17.0.31903.59
MinimumVisualStudioVersion = 10.0.40219.1
Project("{FAE04EC0-301F-11D3-BF4B-00C04F79EFBC}") = "MiniKanban.Application", "MiniKanban.Application\MiniKanban.Application.csproj", "{1BBA6A15-5D5F-446B-A245-1914CB771DEF}"
EndProject
Project("{FAE04EC0-301F-11D3-BF4B-00C04F79EFBC}") = "MiniKanban.Domain", "MiniKanban.Domain\MiniKanban.Domain.csproj", "{FBFE38A7-30F6-4BF9-AFA6-AF408AB7E0C0}"
EndProject
Project("{FAE04EC0-301F-11D3-BF4B-00C04F79EFBC}") = "MiniKanban.Infrastructure", "MiniKanban.Infrastructure\MiniKanban.Infrastructure.csproj", "{CE178372-26C7-42C2-BD72-47DAE887E6BF}"
EndProject
Project("{FAE04EC0-301F-11D3-BF4B-00C04F79EFBC}") = "MiniKanban.API", "MiniKanban.API\MiniKanban.API.csproj", "{37DEB45F-F2F8-4C3F-8BA1-41042765135E}"
EndProject
Project("{FAE04EC0-301F-11D3-BF4B-00C04F79EFBC}") = "MiniKanban.Exceptions", "MiniKanban.Exceptions\MiniKanban.Exceptions.csproj", "{95DD7BFA-E005-4BF8-97DC-83D8CC3D70A0}"
EndProject
Project("{FAE04EC0-301F-11D3-BF4B-00C04F79EFBC}") = "MiniKanban.Tests", "..\tests\MiniKanban.Tests\MiniKanban.Tests.csproj", "{79C04599-5E7F-40E4-8531-BDFECAA7CADE}"
EndProject
Global
	GlobalSection(SolutionConfigurationPlatforms) = preSolution
		Debug|Any CPU = Debug|Any CPU
		Release|Any CPU = Release|Any CPU
	EndGlobalSection
	GlobalSection(SolutionProperties) = preSolution
		HideSolutionNode = FALSE
	EndGlobalSection
	GlobalSection(ProjectConfigurationPlatforms) = postSolution
		{1BBA6A15-5D5F-446B-A245-1914CB771DEF}.Debug|Any CPU.ActiveCfg = Debug|Any CPU
		{1BBA6A15-5D5F-446B-A245-1914CB771DEF}.Debug|Any CPU.Build.0 = Debug|Any CPU
		{1BBA6A15-5D5F-446B-A245-1914CB771DEF}.Release|Any CPU.ActiveCfg = Release|Any CPU
		{1BBA6A15-5D5F-446B-A245-1914CB771DEF}.Release|Any CPU.Build.0 = Release|Any CPU
		{FBFE38A7-30F6-4BF9-AFA6-AF408AB7E0C0}.Debug|Any CPU.ActiveCfg = Debug|Any CPU
		{FBFE38A7-30F6-4BF9-AFA6-AF408AB7E0C0}.Debug|Any CPU.Build.0 = Debug|Any CPU
		{FBFE38A7-30F6-4BF9-AFA6-AF408AB7E0C0}.Release|Any CPU.ActiveCfg = Release|Any CPU
		{FBFE38A7-30F6-4BF9-AFA6-AF408AB7E0C0}.Release|Any CPU.Build.0 = Release|Any CPU
		{CE178372-26C7-42C2-BD72-47DAE887E6BF}.Debug|Any CPU.ActiveCfg = Debug|Any CPU
		{CE178372-26C7-42C2-BD72-47DAE887E6BF}.Debug|Any CPU.Build.0 = Debug|Any CPU
		{CE178372-26C7-42C2-BD72-47DAE887E6BF}.Release|Any CPU.ActiveCfg = Release|Any CPU
		{CE178372-26C7-42C2-BD72-47DAE887E6BF}.Release|Any CPU.Build.0 = Release|Any CPU
		{37DEB45F-F2F8-4C3F-8BA1-41042765135E}.Debug|Any CPU.ActiveCfg = Debug|Any CPU
		{37DEB45F-F2F8-4C3F-8BA1-41042765135E}.Debug|Any CPU.Build.0 = Debug|Any CPU
		{37DEB45F-F2F8-4C3F-8BA1-41042765135E}.Release|Any CPU.ActiveCfg = Release|Any CPU
		{37DEB45F-F2F8-4C3F-8BA1-41042765135E}.Release|Any CPU.Build.0 = Release|Any CPU
		{95DD7BFA-E005-4BF8-97DC-83D8CC3D70A0}.Debug|Any CPU.ActiveCfg = Debug|Any CPU
		{95DD7BFA-E005-4BF8-97DC-83D8CC3D70A0}.Debug|Any CPU.Build.0 = Debug|Any CPU
		{95DD7BFA-E005-4BF8-97DC-83D8CC3D70A0}.Release|Any CPU.ActiveCfg = Release|Any CPU
		{95DD7BFA-E005-4BF8-97DC-83D8CC3D70A0}.Release|Any CPU.Build.0 = Release|Any CPU
		{79C04599-5E7F-40E4-8531-BDFECAA7CADE}.Debug|Any CPU.ActiveCfg = Debug|Any CPU
		{79C04599-5E7F-40E4-8531-BDFECAA7CADE}.Debug|Any CPU.Build.0 = Debug|Any CPU
		{79C04599-5E7F-40E4-8531-BDFECAA7CADE}.Release|Any CPU.ActiveCfg = Release|Any CPU
		{79C04599-5E7F-40E4-8531-BDFECAA7CADE}.Release|Any CPU.Build.0 = Release|Any CPU
	EndGlobalSection
EndGlobal
